
Microsoft Visual Studio Solution File, Format Version 12.00
# Visual Studio Version 17
VisualStudioVersion = 17.4.33213.308
MinimumVisualStudioVersion = 10.0.40219.1
Project("{9A19103F-16F7-4668-BE54-9A1E7A4F7556}") = "ELearningPlatform.Server", "ELearningPlatform\Server\ELearningPlatform.Server.csproj", "{41CA994D-76BB-4998-8349-BADC2CF2EE83}"
EndProject
Project("{9A19103F-16F7-4668-BE54-9A1E7A4F7556}") = "ELearningPlatform.Client", "ELearningPlatform\Client\ELearningPlatform.Client.csproj", "{DB8569FC-DA88-4CBE-BA7E-51A4D3DE8188}"
EndProject
Project("{9A19103F-16F7-4668-BE54-9A1E7A4F7556}") = "ELearningPlatform.Shared", "ELearningPlatform\Shared\ELearningPlatform.Shared.csproj", "{9AB262A7-C255-41DE-BC01-146A274DABDD}"
EndProject
Project("{2150E333-8FDC-42A3-9474-1A3956D46DE8}") = "Hub", "Hub", "{5B466045-A0DA-4359-938B-42C2ABCC8112}"
EndProject
Global
	GlobalSection(SolutionConfigurationPlatforms) = preSolution
		Debug|Any CPU = Debug|Any CPU
		Release|Any CPU = Release|Any CPU
	EndGlobalSection
	GlobalSection(ProjectConfigurationPlatforms) = postSolution
		{41CA994D-76BB-4998-8349-BADC2CF2EE83}.Debug|Any CPU.ActiveCfg = Debug|Any CPU
		{41CA994D-76BB-4998-8349-BADC2CF2EE83}.Debug|Any CPU.Build.0 = Debug|Any CPU
		{41CA994D-76BB-4998-8349-BADC2CF2EE83}.Release|Any CPU.ActiveCfg = Release|Any CPU
		{41CA994D-76BB-4998-8349-BADC2CF2EE83}.Release|Any CPU.Build.0 = Release|Any CPU
		{DB8569FC-DA88-4CBE-BA7E-51A4D3DE8188}.Debug|Any CPU.ActiveCfg = Debug|Any CPU
		{DB8569FC-DA88-4CBE-BA7E-51A4D3DE8188}.Debug|Any CPU.Build.0 = Debug|Any CPU
		{DB8569FC-DA88-4CBE-BA7E-51A4D3DE8188}.Release|Any CPU.ActiveCfg = Release|Any CPU
		{DB8569FC-DA88-4CBE-BA7E-51A4D3DE8188}.Release|Any CPU.Build.0 = Release|Any CPU
		{9AB262A7-C255-41DE-BC01-146A274DABDD}.Debug|Any CPU.ActiveCfg = Debug|Any CPU
		{9AB262A7-C255-41DE-BC01-146A274DABDD}.Debug|Any CPU.Build.0 = Debug|Any CPU
		{9AB262A7-C255-41DE-BC01-146A274DABDD}.Release|Any CPU.ActiveCfg = Release|Any CPU
		{9AB262A7-C255-41DE-BC01-146A274DABDD}.Release|Any CPU.Build.0 = Release|Any CPU
	EndGlobalSection
	GlobalSection(SolutionProperties) = preSolution
		HideSolutionNode = FALSE
	EndGlobalSection
	GlobalSection(NestedProjects) = preSolution
		{41CA994D-76BB-4998-8349-BADC2CF2EE83} = {5B466045-A0DA-4359-938B-42C2ABCC8112}
		{DB8569FC-DA88-4CBE-BA7E-51A4D3DE8188} = {5B466045-A0DA-4359-938B-42C2ABCC8112}
		{9AB262A7-C255-41DE-BC01-146A274DABDD} = {5B466045-A0DA-4359-938B-42C2ABCC8112}
	EndGlobalSection
	GlobalSection(ExtensibilityGlobals) = postSolution
		SolutionGuid = {FBA43512-69AE-4A3F-BDC8-A9C49E74AC55}
	EndGlobalSection
EndGlobal
